// !$*UTF8*$!
{
	archiveVersion = 1;
	classes = {
	};
	objectVersion = 51;
	objects = {

/* Begin PBXBuildFile section */
		1886E0540FDA68EC722796D3 /* Pods_TodoAppTests.framework in Frameworks */ = {isa = PBXBuildFile; fileRef = 9A3CFB3C86AC91B58E26F65D /* Pods_TodoAppTests.framework */; };
		20C63D94F5804386B7D90641 /* Pods_TodoApp_TodoAppUITests.framework in Frameworks */ = {isa = PBXBuildFile; fileRef = 9F89F443F457EEF946ED142D /* Pods_TodoApp_TodoAppUITests.framework */; };
		AB5FBF6A2437FFA7008300C1 /* AppDelegate.swift in Sources */ = {isa = PBXBuildFile; fileRef = AB5FBF692437FFA7008300C1 /* AppDelegate.swift */; };
		AB5FBF6C2437FFA7008300C1 /* SceneDelegate.swift in Sources */ = {isa = PBXBuildFile; fileRef = AB5FBF6B2437FFA7008300C1 /* SceneDelegate.swift */; };
		AB5FBF6E2437FFA7008300C1 /* ViewController.swift in Sources */ = {isa = PBXBuildFile; fileRef = AB5FBF6D2437FFA7008300C1 /* ViewController.swift */; };
		AB5FBF712437FFA7008300C1 /* Main.storyboard in Resources */ = {isa = PBXBuildFile; fileRef = AB5FBF6F2437FFA7008300C1 /* Main.storyboard */; };
		AB5FBF742437FFA7008300C1 /* TodoApp.xcdatamodeld in Sources */ = {isa = PBXBuildFile; fileRef = AB5FBF722437FFA7008300C1 /* TodoApp.xcdatamodeld */; };
		AB5FBF762437FFAC008300C1 /* Assets.xcassets in Resources */ = {isa = PBXBuildFile; fileRef = AB5FBF752437FFAC008300C1 /* Assets.xcassets */; };
		AB5FBF792437FFAC008300C1 /* LaunchScreen.storyboard in Resources */ = {isa = PBXBuildFile; fileRef = AB5FBF772437FFAC008300C1 /* LaunchScreen.storyboard */; };
		AB5FBF842437FFAC008300C1 /* TodoAppTests.swift in Sources */ = {isa = PBXBuildFile; fileRef = AB5FBF832437FFAC008300C1 /* TodoAppTests.swift */; };
		AB5FBF8F2437FFAC008300C1 /* TodoAppUITests.swift in Sources */ = {isa = PBXBuildFile; fileRef = AB5FBF8E2437FFAC008300C1 /* TodoAppUITests.swift */; };
		AB5FBF9E2438416D008300C1 /* OngoingTaskTableViewCell.swift in Sources */ = {isa = PBXBuildFile; fileRef = AB5FBF9D2438416D008300C1 /* OngoingTaskTableViewCell.swift */; };
		AB5FBFA2243843D0008300C1 /* OngoingTaskOverviewViewController.swift in Sources */ = {isa = PBXBuildFile; fileRef = AB5FBFA1243843D0008300C1 /* OngoingTaskOverviewViewController.swift */; };
		AB5FBFA424384592008300C1 /* CreateTaskViewController.swift in Sources */ = {isa = PBXBuildFile; fileRef = AB5FBFA324384592008300C1 /* CreateTaskViewController.swift */; };
		AB5FBFA624384767008300C1 /* .gitignore in Resources */ = {isa = PBXBuildFile; fileRef = AB5FBFA524384767008300C1 /* .gitignore */; };
		AB5FBFA8243849A1008300C1 /* GoogleService-Info.plist in Resources */ = {isa = PBXBuildFile; fileRef = AB5FBFA7243849A1008300C1 /* GoogleService-Info.plist */; };
		AB5FBFAA24385613008300C1 /* Tasks.swift in Sources */ = {isa = PBXBuildFile; fileRef = AB5FBFA924385613008300C1 /* Tasks.swift */; };
		AB5FBFB42439B1D9008300C1 /* DetailViewController.swift in Sources */ = {isa = PBXBuildFile; fileRef = AB5FBFB32439B1D9008300C1 /* DetailViewController.swift */; };
		E81397408DFE0EF839C4F7B8 /* Pods_TodoApp.framework in Frameworks */ = {isa = PBXBuildFile; fileRef = F667667F1EDAAC999278CA7D /* Pods_TodoApp.framework */; };
/* End PBXBuildFile section */

/* Begin PBXContainerItemProxy section */
		AB5FBF802437FFAC008300C1 /* PBXContainerItemProxy */ = {
			isa = PBXContainerItemProxy;
			containerPortal = AB5FBF5E2437FFA7008300C1 /* Project object */;
			proxyType = 1;
			remoteGlobalIDString = AB5FBF652437FFA7008300C1;
			remoteInfo = TodoApp;
		};
		AB5FBF8B2437FFAC008300C1 /* PBXContainerItemProxy */ = {
			isa = PBXContainerItemProxy;
			containerPortal = AB5FBF5E2437FFA7008300C1 /* Project object */;
			proxyType = 1;
			remoteGlobalIDString = AB5FBF652437FFA7008300C1;
			remoteInfo = TodoApp;
		};
/* End PBXContainerItemProxy section */

/* Begin PBXFileReference section */
		161F00C30706D6641DBABF9D /* Pods-TodoAppTests.release.xcconfig */ = {isa = PBXFileReference; includeInIndex = 1; lastKnownFileType = text.xcconfig; name = "Pods-TodoAppTests.release.xcconfig"; path = "Target Support Files/Pods-TodoAppTests/Pods-TodoAppTests.release.xcconfig"; sourceTree = "<group>"; };
		27A2B4811531163736594E28 /* Pods-TodoApp.release.xcconfig */ = {isa = PBXFileReference; includeInIndex = 1; lastKnownFileType = text.xcconfig; name = "Pods-TodoApp.release.xcconfig"; path = "Target Support Files/Pods-TodoApp/Pods-TodoApp.release.xcconfig"; sourceTree = "<group>"; };
		9A3CFB3C86AC91B58E26F65D /* Pods_TodoAppTests.framework */ = {isa = PBXFileReference; explicitFileType = wrapper.framework; includeInIndex = 0; path = Pods_TodoAppTests.framework; sourceTree = BUILT_PRODUCTS_DIR; };
		9F89F443F457EEF946ED142D /* Pods_TodoApp_TodoAppUITests.framework */ = {isa = PBXFileReference; explicitFileType = wrapper.framework; includeInIndex = 0; path = Pods_TodoApp_TodoAppUITests.framework; sourceTree = BUILT_PRODUCTS_DIR; };
		AB5FBF662437FFA7008300C1 /* TodoApp.app */ = {isa = PBXFileReference; explicitFileType = wrapper.application; includeInIndex = 0; path = TodoApp.app; sourceTree = BUILT_PRODUCTS_DIR; };
		AB5FBF692437FFA7008300C1 /* AppDelegate.swift */ = {isa = PBXFileReference; lastKnownFileType = sourcecode.swift; path = AppDelegate.swift; sourceTree = "<group>"; };
		AB5FBF6B2437FFA7008300C1 /* SceneDelegate.swift */ = {isa = PBXFileReference; lastKnownFileType = sourcecode.swift; path = SceneDelegate.swift; sourceTree = "<group>"; };
		AB5FBF6D2437FFA7008300C1 /* ViewController.swift */ = {isa = PBXFileReference; lastKnownFileType = sourcecode.swift; path = ViewController.swift; sourceTree = "<group>"; };
		AB5FBF702437FFA7008300C1 /* Base */ = {isa = PBXFileReference; lastKnownFileType = file.storyboard; name = Base; path = Base.lproj/Main.storyboard; sourceTree = "<group>"; };
		AB5FBF732437FFA7008300C1 /* TodoApp.xcdatamodel */ = {isa = PBXFileReference; lastKnownFileType = wrapper.xcdatamodel; path = TodoApp.xcdatamodel; sourceTree = "<group>"; };
		AB5FBF752437FFAC008300C1 /* Assets.xcassets */ = {isa = PBXFileReference; lastKnownFileType = folder.assetcatalog; path = Assets.xcassets; sourceTree = "<group>"; };
		AB5FBF782437FFAC008300C1 /* Base */ = {isa = PBXFileReference; lastKnownFileType = file.storyboard; name = Base; path = Base.lproj/LaunchScreen.storyboard; sourceTree = "<group>"; };
		AB5FBF7A2437FFAC008300C1 /* Info.plist */ = {isa = PBXFileReference; lastKnownFileType = text.plist.xml; path = Info.plist; sourceTree = "<group>"; };
		AB5FBF7F2437FFAC008300C1 /* TodoAppTests.xctest */ = {isa = PBXFileReference; explicitFileType = wrapper.cfbundle; includeInIndex = 0; path = TodoAppTests.xctest; sourceTree = BUILT_PRODUCTS_DIR; };
		AB5FBF832437FFAC008300C1 /* TodoAppTests.swift */ = {isa = PBXFileReference; lastKnownFileType = sourcecode.swift; path = TodoAppTests.swift; sourceTree = "<group>"; };
		AB5FBF852437FFAC008300C1 /* Info.plist */ = {isa = PBXFileReference; lastKnownFileType = text.plist.xml; path = Info.plist; sourceTree = "<group>"; };
		AB5FBF8A2437FFAC008300C1 /* TodoAppUITests.xctest */ = {isa = PBXFileReference; explicitFileType = wrapper.cfbundle; includeInIndex = 0; path = TodoAppUITests.xctest; sourceTree = BUILT_PRODUCTS_DIR; };
		AB5FBF8E2437FFAC008300C1 /* TodoAppUITests.swift */ = {isa = PBXFileReference; lastKnownFileType = sourcecode.swift; path = TodoAppUITests.swift; sourceTree = "<group>"; };
		AB5FBF902437FFAC008300C1 /* Info.plist */ = {isa = PBXFileReference; lastKnownFileType = text.plist.xml; path = Info.plist; sourceTree = "<group>"; };
		AB5FBF9D2438416D008300C1 /* OngoingTaskTableViewCell.swift */ = {isa = PBXFileReference; lastKnownFileType = sourcecode.swift; path = OngoingTaskTableViewCell.swift; sourceTree = "<group>"; };
		AB5FBFA1243843D0008300C1 /* OngoingTaskOverviewViewController.swift */ = {isa = PBXFileReference; lastKnownFileType = sourcecode.swift; path = OngoingTaskOverviewViewController.swift; sourceTree = "<group>"; };
		AB5FBFA324384592008300C1 /* CreateTaskViewController.swift */ = {isa = PBXFileReference; lastKnownFileType = sourcecode.swift; path = CreateTaskViewController.swift; sourceTree = "<group>"; };
		AB5FBFA524384767008300C1 /* .gitignore */ = {isa = PBXFileReference; lastKnownFileType = text; name = .gitignore; path = ../.gitignore; sourceTree = "<group>"; };
		AB5FBFA7243849A1008300C1 /* GoogleService-Info.plist */ = {isa = PBXFileReference; fileEncoding = 4; lastKnownFileType = text.plist.xml; path = "GoogleService-Info.plist"; sourceTree = "<group>"; };
		AB5FBFA924385613008300C1 /* Tasks.swift */ = {isa = PBXFileReference; lastKnownFileType = sourcecode.swift; path = Tasks.swift; sourceTree = "<group>"; };
		AB5FBFB32439B1D9008300C1 /* DetailViewController.swift */ = {isa = PBXFileReference; lastKnownFileType = sourcecode.swift; path = DetailViewController.swift; sourceTree = "<group>"; };
		C4F57FAC44C97A66F155A0B9 /* Pods-TodoApp.debug.xcconfig */ = {isa = PBXFileReference; includeInIndex = 1; lastKnownFileType = text.xcconfig; name = "Pods-TodoApp.debug.xcconfig"; path = "Target Support Files/Pods-TodoApp/Pods-TodoApp.debug.xcconfig"; sourceTree = "<group>"; };
		D3DC0522FFF1A9545DDD11E6 /* Pods-TodoApp-TodoAppUITests.debug.xcconfig */ = {isa = PBXFileReference; includeInIndex = 1; lastKnownFileType = text.xcconfig; name = "Pods-TodoApp-TodoAppUITests.debug.xcconfig"; path = "Target Support Files/Pods-TodoApp-TodoAppUITests/Pods-TodoApp-TodoAppUITests.debug.xcconfig"; sourceTree = "<group>"; };
		DC4741258EF62AE9C1D96235 /* Pods-TodoApp-TodoAppUITests.release.xcconfig */ = {isa = PBXFileReference; includeInIndex = 1; lastKnownFileType = text.xcconfig; name = "Pods-TodoApp-TodoAppUITests.release.xcconfig"; path = "Target Support Files/Pods-TodoApp-TodoAppUITests/Pods-TodoApp-TodoAppUITests.release.xcconfig"; sourceTree = "<group>"; };
		F667667F1EDAAC999278CA7D /* Pods_TodoApp.framework */ = {isa = PBXFileReference; explicitFileType = wrapper.framework; includeInIndex = 0; path = Pods_TodoApp.framework; sourceTree = BUILT_PRODUCTS_DIR; };
		FA71700B64F4A6EBD9E3900E /* Pods-TodoAppTests.debug.xcconfig */ = {isa = PBXFileReference; includeInIndex = 1; lastKnownFileType = text.xcconfig; name = "Pods-TodoAppTests.debug.xcconfig"; path = "Target Support Files/Pods-TodoAppTests/Pods-TodoAppTests.debug.xcconfig"; sourceTree = "<group>"; };
/* End PBXFileReference section */

/* Begin PBXFrameworksBuildPhase section */
		AB5FBF632437FFA7008300C1 /* Frameworks */ = {
			isa = PBXFrameworksBuildPhase;
			buildActionMask = 2147483647;
			files = (
				E81397408DFE0EF839C4F7B8 /* Pods_TodoApp.framework in Frameworks */,
			);
			runOnlyForDeploymentPostprocessing = 0;
		};
		AB5FBF7C2437FFAC008300C1 /* Frameworks */ = {
			isa = PBXFrameworksBuildPhase;
			buildActionMask = 2147483647;
			files = (
				1886E0540FDA68EC722796D3 /* Pods_TodoAppTests.framework in Frameworks */,
			);
			runOnlyForDeploymentPostprocessing = 0;
		};
		AB5FBF872437FFAC008300C1 /* Frameworks */ = {
			isa = PBXFrameworksBuildPhase;
			buildActionMask = 2147483647;
			files = (
				20C63D94F5804386B7D90641 /* Pods_TodoApp_TodoAppUITests.framework in Frameworks */,
			);
			runOnlyForDeploymentPostprocessing = 0;
		};
/* End PBXFrameworksBuildPhase section */

/* Begin PBXGroup section */
		79EC8ED540A60E6EA1065E92 /* Pods */ = {
			isa = PBXGroup;
			children = (
				C4F57FAC44C97A66F155A0B9 /* Pods-TodoApp.debug.xcconfig */,
				27A2B4811531163736594E28 /* Pods-TodoApp.release.xcconfig */,
				D3DC0522FFF1A9545DDD11E6 /* Pods-TodoApp-TodoAppUITests.debug.xcconfig */,
				DC4741258EF62AE9C1D96235 /* Pods-TodoApp-TodoAppUITests.release.xcconfig */,
				FA71700B64F4A6EBD9E3900E /* Pods-TodoAppTests.debug.xcconfig */,
				161F00C30706D6641DBABF9D /* Pods-TodoAppTests.release.xcconfig */,
			);
			path = Pods;
			sourceTree = "<group>";
		};
		843A73D03077E2168281F22F /* Frameworks */ = {
			isa = PBXGroup;
			children = (
				F667667F1EDAAC999278CA7D /* Pods_TodoApp.framework */,
				9F89F443F457EEF946ED142D /* Pods_TodoApp_TodoAppUITests.framework */,
				9A3CFB3C86AC91B58E26F65D /* Pods_TodoAppTests.framework */,
			);
			name = Frameworks;
			sourceTree = "<group>";
		};
		AB5FBF5D2437FFA7008300C1 = {
			isa = PBXGroup;
			children = (
				AB5FBF682437FFA7008300C1 /* TodoApp */,
				AB5FBF822437FFAC008300C1 /* TodoAppTests */,
				AB5FBF8D2437FFAC008300C1 /* TodoAppUITests */,
				AB5FBF672437FFA7008300C1 /* Products */,
				79EC8ED540A60E6EA1065E92 /* Pods */,
				843A73D03077E2168281F22F /* Frameworks */,
			);
			sourceTree = "<group>";
		};
		AB5FBF672437FFA7008300C1 /* Products */ = {
			isa = PBXGroup;
			children = (
				AB5FBF662437FFA7008300C1 /* TodoApp.app */,
				AB5FBF7F2437FFAC008300C1 /* TodoAppTests.xctest */,
				AB5FBF8A2437FFAC008300C1 /* TodoAppUITests.xctest */,
			);
			name = Products;
			sourceTree = "<group>";
		};
		AB5FBF682437FFA7008300C1 /* TodoApp */ = {
			isa = PBXGroup;
			children = (
				AB5FBF692437FFA7008300C1 /* AppDelegate.swift */,
				AB5FBF6B2437FFA7008300C1 /* SceneDelegate.swift */,
				AB5FBF6D2437FFA7008300C1 /* ViewController.swift */,
				AB5FBF6F2437FFA7008300C1 /* Main.storyboard */,
				AB5FBFA7243849A1008300C1 /* GoogleService-Info.plist */,
				AB5FBFA1243843D0008300C1 /* OngoingTaskOverviewViewController.swift */,
				AB5FBFA324384592008300C1 /* CreateTaskViewController.swift */,
				AB5FBF9D2438416D008300C1 /* OngoingTaskTableViewCell.swift */,
				AB5FBFB32439B1D9008300C1 /* DetailViewController.swift */,
				AB5FBFA924385613008300C1 /* Tasks.swift */,
				AB5FBF752437FFAC008300C1 /* Assets.xcassets */,
				AB5FBF772437FFAC008300C1 /* LaunchScreen.storyboard */,
				AB5FBF7A2437FFAC008300C1 /* Info.plist */,
				AB5FBF722437FFA7008300C1 /* TodoApp.xcdatamodeld */,
				AB5FBFA524384767008300C1 /* .gitignore */,
			);
			path = TodoApp;
			sourceTree = "<group>";
		};
		AB5FBF822437FFAC008300C1 /* TodoAppTests */ = {
			isa = PBXGroup;
			children = (
				AB5FBF832437FFAC008300C1 /* TodoAppTests.swift */,
				AB5FBF852437FFAC008300C1 /* Info.plist */,
			);
			path = TodoAppTests;
			sourceTree = "<group>";
		};
		AB5FBF8D2437FFAC008300C1 /* TodoAppUITests */ = {
			isa = PBXGroup;
			children = (
				AB5FBF8E2437FFAC008300C1 /* TodoAppUITests.swift */,
				AB5FBF902437FFAC008300C1 /* Info.plist */,
			);
			path = TodoAppUITests;
			sourceTree = "<group>";
		};
/* End PBXGroup section */

/* Begin PBXNativeTarget section */
		AB5FBF652437FFA7008300C1 /* TodoApp */ = {
			isa = PBXNativeTarget;
			buildConfigurationList = AB5FBF932437FFAC008300C1 /* Build configuration list for PBXNativeTarget "TodoApp" */;
			buildPhases = (
				C799726AD69EE4B6B6A258C4 /* [CP] Check Pods Manifest.lock */,
				AB5FBF622437FFA7008300C1 /* Sources */,
				AB5FBF632437FFA7008300C1 /* Frameworks */,
				AB5FBF642437FFA7008300C1 /* Resources */,
				F5591044CEA610E45FB57DB6 /* [CP] Embed Pods Frameworks */,
			);
			buildRules = (
			);
			dependencies = (
			);
			name = TodoApp;
			productName = TodoApp;
			productReference = AB5FBF662437FFA7008300C1 /* TodoApp.app */;
			productType = "com.apple.product-type.application";
		};
		AB5FBF7E2437FFAC008300C1 /* TodoAppTests */ = {
			isa = PBXNativeTarget;
			buildConfigurationList = AB5FBF962437FFAC008300C1 /* Build configuration list for PBXNativeTarget "TodoAppTests" */;
			buildPhases = (
				A63C9C6891CBE70C5C68E6CD /* [CP] Check Pods Manifest.lock */,
				AB5FBF7B2437FFAC008300C1 /* Sources */,
				AB5FBF7C2437FFAC008300C1 /* Frameworks */,
				AB5FBF7D2437FFAC008300C1 /* Resources */,
			);
			buildRules = (
			);
			dependencies = (
				AB5FBF812437FFAC008300C1 /* PBXTargetDependency */,
			);
			name = TodoAppTests;
			productName = TodoAppTests;
			productReference = AB5FBF7F2437FFAC008300C1 /* TodoAppTests.xctest */;
			productType = "com.apple.product-type.bundle.unit-test";
		};
		AB5FBF892437FFAC008300C1 /* TodoAppUITests */ = {
			isa = PBXNativeTarget;
			buildConfigurationList = AB5FBF992437FFAC008300C1 /* Build configuration list for PBXNativeTarget "TodoAppUITests" */;
			buildPhases = (
				E90FCDE4AC8680FAF76DA183 /* [CP] Check Pods Manifest.lock */,
				AB5FBF862437FFAC008300C1 /* Sources */,
				AB5FBF872437FFAC008300C1 /* Frameworks */,
				AB5FBF882437FFAC008300C1 /* Resources */,
				410BE8CC26217DE9E9F20FE1 /* [CP] Embed Pods Frameworks */,
			);
			buildRules = (
			);
			dependencies = (
				AB5FBF8C2437FFAC008300C1 /* PBXTargetDependency */,
			);
			name = TodoAppUITests;
			productName = TodoAppUITests;
			productReference = AB5FBF8A2437FFAC008300C1 /* TodoAppUITests.xctest */;
			productType = "com.apple.product-type.bundle.ui-testing";
		};
/* End PBXNativeTarget section */

/* Begin PBXProject section */
		AB5FBF5E2437FFA7008300C1 /* Project object */ = {
			isa = PBXProject;
			attributes = {
				LastSwiftUpdateCheck = 1140;
				LastUpgradeCheck = 1140;
				ORGANIZATIONNAME = "Kim Wang";
				TargetAttributes = {
					AB5FBF652437FFA7008300C1 = {
						CreatedOnToolsVersion = 11.4;
					};
					AB5FBF7E2437FFAC008300C1 = {
						CreatedOnToolsVersion = 11.4;
						TestTargetID = AB5FBF652437FFA7008300C1;
					};
					AB5FBF892437FFAC008300C1 = {
						CreatedOnToolsVersion = 11.4;
						TestTargetID = AB5FBF652437FFA7008300C1;
					};
				};
			};
			buildConfigurationList = AB5FBF612437FFA7008300C1 /* Build configuration list for PBXProject "TodoApp" */;
			compatibilityVersion = "Xcode 9.3";
			developmentRegion = en;
			hasScannedForEncodings = 0;
			knownRegions = (
				en,
				Base,
			);
			mainGroup = AB5FBF5D2437FFA7008300C1;
			productRefGroup = AB5FBF672437FFA7008300C1 /* Products */;
			projectDirPath = "";
			projectRoot = "";
			targets = (
				AB5FBF652437FFA7008300C1 /* TodoApp */,
				AB5FBF7E2437FFAC008300C1 /* TodoAppTests */,
				AB5FBF892437FFAC008300C1 /* TodoAppUITests */,
			);
		};
/* End PBXProject section */

/* Begin PBXResourcesBuildPhase section */
		AB5FBF642437FFA7008300C1 /* Resources */ = {
			isa = PBXResourcesBuildPhase;
			buildActionMask = 2147483647;
			files = (
				AB5FBF792437FFAC008300C1 /* LaunchScreen.storyboard in Resources */,
				AB5FBFA8243849A1008300C1 /* GoogleService-Info.plist in Resources */,
				AB5FBF762437FFAC008300C1 /* Assets.xcassets in Resources */,
				AB5FBF712437FFA7008300C1 /* Main.storyboard in Resources */,
			);
			runOnlyForDeploymentPostprocessing = 0;
		};
		AB5FBF7D2437FFAC008300C1 /* Resources */ = {
			isa = PBXResourcesBuildPhase;
			buildActionMask = 2147483647;
			files = (
			);
			runOnlyForDeploymentPostprocessing = 0;
		};
		AB5FBF882437FFAC008300C1 /* Resources */ = {
			isa = PBXResourcesBuildPhase;
			buildActionMask = 2147483647;
			files = (
				AB5FBFA624384767008300C1 /* .gitignore in Resources */,
			);
			runOnlyForDeploymentPostprocessing = 0;
		};
/* End PBXResourcesBuildPhase section */

/* Begin PBXShellScriptBuildPhase section */
		410BE8CC26217DE9E9F20FE1 /* [CP] Embed Pods Frameworks */ = {
			isa = PBXShellScriptBuildPhase;
			buildActionMask = 2147483647;
			files = (
			);
			inputFileListPaths = (
				"${PODS_ROOT}/Target Support Files/Pods-TodoApp-TodoAppUITests/Pods-TodoApp-TodoAppUITests-frameworks-${CONFIGURATION}-input-files.xcfilelist",
			);
			name = "[CP] Embed Pods Frameworks";
			outputFileListPaths = (
				"${PODS_ROOT}/Target Support Files/Pods-TodoApp-TodoAppUITests/Pods-TodoApp-TodoAppUITests-frameworks-${CONFIGURATION}-output-files.xcfilelist",
			);
			runOnlyForDeploymentPostprocessing = 0;
			shellPath = /bin/sh;
			shellScript = "\"${PODS_ROOT}/Target Support Files/Pods-TodoApp-TodoAppUITests/Pods-TodoApp-TodoAppUITests-frameworks.sh\"\n";
			showEnvVarsInLog = 0;
		};
		A63C9C6891CBE70C5C68E6CD /* [CP] Check Pods Manifest.lock */ = {
			isa = PBXShellScriptBuildPhase;
			buildActionMask = 2147483647;
			files = (
			);
			inputFileListPaths = (
			);
			inputPaths = (
				"${PODS_PODFILE_DIR_PATH}/Podfile.lock",
				"${PODS_ROOT}/Manifest.lock",
			);
			name = "[CP] Check Pods Manifest.lock";
			outputFileListPaths = (
			);
			outputPaths = (
				"$(DERIVED_FILE_DIR)/Pods-TodoAppTests-checkManifestLockResult.txt",
			);
			runOnlyForDeploymentPostprocessing = 0;
			shellPath = /bin/sh;
			shellScript = "diff \"${PODS_PODFILE_DIR_PATH}/Podfile.lock\" \"${PODS_ROOT}/Manifest.lock\" > /dev/null\nif [ $? != 0 ] ; then\n    # print error to STDERR\n    echo \"error: The sandbox is not in sync with the Podfile.lock. Run 'pod install' or update your CocoaPods installation.\" >&2\n    exit 1\nfi\n# This output is used by Xcode 'outputs' to avoid re-running this script phase.\necho \"SUCCESS\" > \"${SCRIPT_OUTPUT_FILE_0}\"\n";
			showEnvVarsInLog = 0;
		};
		C799726AD69EE4B6B6A258C4 /* [CP] Check Pods Manifest.lock */ = {
			isa = PBXShellScriptBuildPhase;
			buildActionMask = 2147483647;
			files = (
			);
			inputFileListPaths = (
			);
			inputPaths = (
				"${PODS_PODFILE_DIR_PATH}/Podfile.lock",
				"${PODS_ROOT}/Manifest.lock",
			);
			name = "[CP] Check Pods Manifest.lock";
			outputFileListPaths = (
			);
			outputPaths = (
				"$(DERIVED_FILE_DIR)/Pods-TodoApp-checkManifestLockResult.txt",
			);
			runOnlyForDeploymentPostprocessing = 0;
			shellPath = /bin/sh;
			shellScript = "diff \"${PODS_PODFILE_DIR_PATH}/Podfile.lock\" \"${PODS_ROOT}/Manifest.lock\" > /dev/null\nif [ $? != 0 ] ; then\n    # print error to STDERR\n    echo \"error: The sandbox is not in sync with the Podfile.lock. Run 'pod install' or update your CocoaPods installation.\" >&2\n    exit 1\nfi\n# This output is used by Xcode 'outputs' to avoid re-running this script phase.\necho \"SUCCESS\" > \"${SCRIPT_OUTPUT_FILE_0}\"\n";
			showEnvVarsInLog = 0;
		};
		E90FCDE4AC8680FAF76DA183 /* [CP] Check Pods Manifest.lock */ = {
			isa = PBXShellScriptBuildPhase;
			buildActionMask = 2147483647;
			files = (
			);
			inputFileListPaths = (
			);
			inputPaths = (
				"${PODS_PODFILE_DIR_PATH}/Podfile.lock",
				"${PODS_ROOT}/Manifest.lock",
			);
			name = "[CP] Check Pods Manifest.lock";
			outputFileListPaths = (
			);
			outputPaths = (
				"$(DERIVED_FILE_DIR)/Pods-TodoApp-TodoAppUITests-checkManifestLockResult.txt",
			);
			runOnlyForDeploymentPostprocessing = 0;
			shellPath = /bin/sh;
			shellScript = "diff \"${PODS_PODFILE_DIR_PATH}/Podfile.lock\" \"${PODS_ROOT}/Manifest.lock\" > /dev/null\nif [ $? != 0 ] ; then\n    # print error to STDERR\n    echo \"error: The sandbox is not in sync with the Podfile.lock. Run 'pod install' or update your CocoaPods installation.\" >&2\n    exit 1\nfi\n# This output is used by Xcode 'outputs' to avoid re-running this script phase.\necho \"SUCCESS\" > \"${SCRIPT_OUTPUT_FILE_0}\"\n";
			showEnvVarsInLog = 0;
		};
		F5591044CEA610E45FB57DB6 /* [CP] Embed Pods Frameworks */ = {
			isa = PBXShellScriptBuildPhase;
			buildActionMask = 2147483647;
			files = (
			);
			inputFileListPaths = (
				"${PODS_ROOT}/Target Support Files/Pods-TodoApp/Pods-TodoApp-frameworks-${CONFIGURATION}-input-files.xcfilelist",
			);
			name = "[CP] Embed Pods Frameworks";
			outputFileListPaths = (
				"${PODS_ROOT}/Target Support Files/Pods-TodoApp/Pods-TodoApp-frameworks-${CONFIGURATION}-output-files.xcfilelist",
			);
			runOnlyForDeploymentPostprocessing = 0;
			shellPath = /bin/sh;
			shellScript = "\"${PODS_ROOT}/Target Support Files/Pods-TodoApp/Pods-TodoApp-frameworks.sh\"\n";
			showEnvVarsInLog = 0;
		};
/* End PBXShellScriptBuildPhase section */

/* Begin PBXSourcesBuildPhase section */
		AB5FBF622437FFA7008300C1 /* Sources */ = {
			isa = PBXSourcesBuildPhase;
			buildActionMask = 2147483647;
			files = (
				AB5FBFB42439B1D9008300C1 /* DetailViewController.swift in Sources */,
				AB5FBF6E2437FFA7008300C1 /* ViewController.swift in Sources */,
				AB5FBF9E2438416D008300C1 /* OngoingTaskTableViewCell.swift in Sources */,
				AB5FBFA2243843D0008300C1 /* OngoingTaskOverviewViewController.swift in Sources */,
				AB5FBF6A2437FFA7008300C1 /* AppDelegate.swift in Sources */,
				AB5FBFAA24385613008300C1 /* Tasks.swift in Sources */,
				AB5FBF6C2437FFA7008300C1 /* SceneDelegate.swift in Sources */,
				AB5FBF742437FFA7008300C1 /* TodoApp.xcdatamodeld in Sources */,
				AB5FBFA424384592008300C1 /* CreateTaskViewController.swift in Sources */,
			);
			runOnlyForDeploymentPostprocessing = 0;
		};
		AB5FBF7B2437FFAC008300C1 /* Sources */ = {
			isa = PBXSourcesBuildPhase;
			buildActionMask = 2147483647;
			files = (
				AB5FBF842437FFAC008300C1 /* TodoAppTests.swift in Sources */,
			);
			runOnlyForDeploymentPostprocessing = 0;
		};
		AB5FBF862437FFAC008300C1 /* Sources */ = {
			isa = PBXSourcesBuildPhase;
			buildActionMask = 2147483647;
			files = (
				AB5FBF8F2437FFAC008300C1 /* TodoAppUITests.swift in Sources */,
			);
			runOnlyForDeploymentPostprocessing = 0;
		};
/* End PBXSourcesBuildPhase section */

/* Begin PBXTargetDependency section */
		AB5FBF812437FFAC008300C1 /* PBXTargetDependency */ = {
			isa = PBXTargetDependency;
			target = AB5FBF652437FFA7008300C1 /* TodoApp */;
			targetProxy = AB5FBF802437FFAC008300C1 /* PBXContainerItemProxy */;
		};
		AB5FBF8C2437FFAC008300C1 /* PBXTargetDependency */ = {
			isa = PBXTargetDependency;
			target = AB5FBF652437FFA7008300C1 /* TodoApp */;
			targetProxy = AB5FBF8B2437FFAC008300C1 /* PBXContainerItemProxy */;
		};
/* End PBXTargetDependency section */

/* Begin PBXVariantGroup section */
		AB5FBF6F2437FFA7008300C1 /* Main.storyboard */ = {
			isa = PBXVariantGroup;
			children = (
				AB5FBF702437FFA7008300C1 /* Base */,
			);
			name = Main.storyboard;
			sourceTree = "<group>";
		};
		AB5FBF772437FFAC008300C1 /* LaunchScreen.storyboard */ = {
			isa = PBXVariantGroup;
			children = (
				AB5FBF782437FFAC008300C1 /* Base */,
			);
			name = LaunchScreen.storyboard;
			sourceTree = "<group>";
		};
/* End PBXVariantGroup section */

/* Begin XCBuildConfiguration section */
		AB5FBF912437FFAC008300C1 /* Debug */ = {
			isa = XCBuildConfiguration;
			buildSettings = {
				ALWAYS_SEARCH_USER_PATHS = NO;
				CLANG_ANALYZER_NONNULL = YES;
				CLANG_ANALYZER_NUMBER_OBJECT_CONVERSION = YES_AGGRESSIVE;
				CLANG_CXX_LANGUAGE_STANDARD = "gnu++14";
				CLANG_CXX_LIBRARY = "libc++";
				CLANG_ENABLE_MODULES = YES;
				CLANG_ENABLE_OBJC_ARC = YES;
				CLANG_ENABLE_OBJC_WEAK = YES;
				CLANG_WARN_BLOCK_CAPTURE_AUTORELEASING = YES;
				CLANG_WARN_BOOL_CONVERSION = YES;
				CLANG_WARN_COMMA = YES;
				CLANG_WARN_CONSTANT_CONVERSION = YES;
				CLANG_WARN_DEPRECATED_OBJC_IMPLEMENTATIONS = YES;
				CLANG_WARN_DIRECT_OBJC_ISA_USAGE = YES_ERROR;
				CLANG_WARN_DOCUMENTATION_COMMENTS = YES;
				CLANG_WARN_EMPTY_BODY = YES;
				CLANG_WARN_ENUM_CONVERSION = YES;
				CLANG_WARN_INFINITE_RECURSION = YES;
				CLANG_WARN_INT_CONVERSION = YES;
				CLANG_WARN_NON_LITERAL_NULL_CONVERSION = YES;
				CLANG_WARN_OBJC_IMPLICIT_RETAIN_SELF = YES;
				CLANG_WARN_OBJC_LITERAL_CONVERSION = YES;
				CLANG_WARN_OBJC_ROOT_CLASS = YES_ERROR;
				CLANG_WARN_RANGE_LOOP_ANALYSIS = YES;
				CLANG_WARN_STRICT_PROTOTYPES = YES;
				CLANG_WARN_SUSPICIOUS_MOVE = YES;
				CLANG_WARN_UNGUARDED_AVAILABILITY = YES_AGGRESSIVE;
				CLANG_WARN_UNREACHABLE_CODE = YES;
				CLANG_WARN__DUPLICATE_METHOD_MATCH = YES;
				COPY_PHASE_STRIP = NO;
				DEBUG_INFORMATION_FORMAT = dwarf;
				ENABLE_STRICT_OBJC_MSGSEND = YES;
				ENABLE_TESTABILITY = YES;
				GCC_C_LANGUAGE_STANDARD = gnu11;
				GCC_DYNAMIC_NO_PIC = NO;
				GCC_NO_COMMON_BLOCKS = YES;
				GCC_OPTIMIZATION_LEVEL = 0;
				GCC_PREPROCESSOR_DEFINITIONS = (
					"DEBUG=1",
					"$(inherited)",
				);
				GCC_WARN_64_TO_32_BIT_CONVERSION = YES;
				GCC_WARN_ABOUT_RETURN_TYPE = YES_ERROR;
				GCC_WARN_UNDECLARED_SELECTOR = YES;
				GCC_WARN_UNINITIALIZED_AUTOS = YES_AGGRESSIVE;
				GCC_WARN_UNUSED_FUNCTION = YES;
				GCC_WARN_UNUSED_VARIABLE = YES;
				IPHONEOS_DEPLOYMENT_TARGET = 13.4;
				MTL_ENABLE_DEBUG_INFO = INCLUDE_SOURCE;
				MTL_FAST_MATH = YES;
				ONLY_ACTIVE_ARCH = YES;
				SDKROOT = iphoneos;
				SWIFT_ACTIVE_COMPILATION_CONDITIONS = DEBUG;
				SWIFT_OPTIMIZATION_LEVEL = "-Onone";
			};
			name = Debug;
		};
		AB5FBF922437FFAC008300C1 /* Release */ = {
			isa = XCBuildConfiguration;
			buildSettings = {
				ALWAYS_SEARCH_USER_PATHS = NO;
				CLANG_ANALYZER_NONNULL = YES;
				CLANG_ANALYZER_NUMBER_OBJECT_CONVERSION = YES_AGGRESSIVE;
				CLANG_CXX_LANGUAGE_STANDARD = "gnu++14";
				CLANG_CXX_LIBRARY = "libc++";
				CLANG_ENABLE_MODULES = YES;
				CLANG_ENABLE_OBJC_ARC = YES;
				CLANG_ENABLE_OBJC_WEAK = YES;
				CLANG_WARN_BLOCK_CAPTURE_AUTORELEASING = YES;
				CLANG_WARN_BOOL_CONVERSION = YES;
				CLANG_WARN_COMMA = YES;
				CLANG_WARN_CONSTANT_CONVERSION = YES;
				CLANG_WARN_DEPRECATED_OBJC_IMPLEMENTATIONS = YES;
				CLANG_WARN_DIRECT_OBJC_ISA_USAGE = YES_ERROR;
				CLANG_WARN_DOCUMENTATION_COMMENTS = YES;
				CLANG_WARN_EMPTY_BODY = YES;
				CLANG_WARN_ENUM_CONVERSION = YES;
				CLANG_WARN_INFINITE_RECURSION = YES;
				CLANG_WARN_INT_CONVERSION = YES;
				CLANG_WARN_NON_LITERAL_NULL_CONVERSION = YES;
				CLANG_WARN_OBJC_IMPLICIT_RETAIN_SELF = YES;
				CLANG_WARN_OBJC_LITERAL_CONVERSION = YES;
				CLANG_WARN_OBJC_ROOT_CLASS = YES_ERROR;
				CLANG_WARN_RANGE_LOOP_ANALYSIS = YES;
				CLANG_WARN_STRICT_PROTOTYPES = YES;
				CLANG_WARN_SUSPICIOUS_MOVE = YES;
				CLANG_WARN_UNGUARDED_AVAILABILITY = YES_AGGRESSIVE;
				CLANG_WARN_UNREACHABLE_CODE = YES;
				CLANG_WARN__DUPLICATE_METHOD_MATCH = YES;
				COPY_PHASE_STRIP = NO;
				DEBUG_INFORMATION_FORMAT = "dwarf-with-dsym";
				ENABLE_NS_ASSERTIONS = NO;
				ENABLE_STRICT_OBJC_MSGSEND = YES;
				GCC_C_LANGUAGE_STANDARD = gnu11;
				GCC_NO_COMMON_BLOCKS = YES;
				GCC_WARN_64_TO_32_BIT_CONVERSION = YES;
				GCC_WARN_ABOUT_RETURN_TYPE = YES_ERROR;
				GCC_WARN_UNDECLARED_SELECTOR = YES;
				GCC_WARN_UNINITIALIZED_AUTOS = YES_AGGRESSIVE;
				GCC_WARN_UNUSED_FUNCTION = YES;
				GCC_WARN_UNUSED_VARIABLE = YES;
				IPHONEOS_DEPLOYMENT_TARGET = 13.4;
				MTL_ENABLE_DEBUG_INFO = NO;
				MTL_FAST_MATH = YES;
				SDKROOT = iphoneos;
				SWIFT_COMPILATION_MODE = wholemodule;
				SWIFT_OPTIMIZATION_LEVEL = "-O";
				VALIDATE_PRODUCT = YES;
			};
			name = Release;
		};
		AB5FBF942437FFAC008300C1 /* Debug */ = {
			isa = XCBuildConfiguration;
			baseConfigurationReference = C4F57FAC44C97A66F155A0B9 /* Pods-TodoApp.debug.xcconfig */;
			buildSettings = {
				ASSETCATALOG_COMPILER_APPICON_NAME = AppIcon;
				CODE_SIGN_STYLE = Automatic;
				DEVELOPMENT_TEAM = AV26UC445F;
				INFOPLIST_FILE = TodoApp/Info.plist;
				LD_RUNPATH_SEARCH_PATHS = (
					"$(inherited)",
					"@executable_path/Frameworks",
				);
				PRODUCT_BUNDLE_IDENTIFIER = kimwyyf.TodoApp;
				PRODUCT_NAME = "$(TARGET_NAME)";
				SWIFT_VERSION = 5.0;
				TARGETED_DEVICE_FAMILY = "1,2";
			};
			name = Debug;
		};
		AB5FBF952437FFAC008300C1 /* Release */ = {
			isa = XCBuildConfiguration;
			baseConfigurationReference = 27A2B4811531163736594E28 /* Pods-TodoApp.release.xcconfig */;
			buildSettings = {
				ASSETCATALOG_COMPILER_APPICON_NAME = AppIcon;
				CODE_SIGN_STYLE = Automatic;
				DEVELOPMENT_TEAM = AV26UC445F;
				INFOPLIST_FILE = TodoApp/Info.plist;
				LD_RUNPATH_SEARCH_PATHS = (
					"$(inherited)",
					"@executable_path/Frameworks",
				);
				PRODUCT_BUNDLE_IDENTIFIER = kimwyyf.TodoApp;
				PRODUCT_NAME = "$(TARGET_NAME)";
				SWIFT_VERSION = 5.0;
				TARGETED_DEVICE_FAMILY = "1,2";
			};
			name = Release;
		};
		AB5FBF972437FFAC008300C1 /* Debug */ = {
			isa = XCBuildConfiguration;
			baseConfigurationReference = FA71700B64F4A6EBD9E3900E /* Pods-TodoAppTests.debug.xcconfig */;
			buildSettings = {
				ALWAYS_EMBED_SWIFT_STANDARD_LIBRARIES = YES;
				BUNDLE_LOADER = "$(TEST_HOST)";
				CODE_SIGN_STYLE = Automatic;
				DEVELOPMENT_TEAM = AV26UC445F;
				INFOPLIST_FILE = TodoAppTests/Info.plist;
				IPHONEOS_DEPLOYMENT_TARGET = 13.4;
				LD_RUNPATH_SEARCH_PATHS = (
					"$(inherited)",
					"@executable_path/Frameworks",
					"@loader_path/Frameworks",
				);
				PRODUCT_BUNDLE_IDENTIFIER = kimwyyf.TodoAppTests;
				PRODUCT_NAME = "$(TARGET_NAME)";
				SWIFT_VERSION = 5.0;
				TARGETED_DEVICE_FAMILY = "1,2";
				TEST_HOST = "$(BUILT_PRODUCTS_DIR)/TodoApp.app/TodoApp";
			};
			name = Debug;
		};
		AB5FBF982437FFAC008300C1 /* Release */ = {
			isa = XCBuildConfiguration;
			baseConfigurationReference = 161F00C30706D6641DBABF9D /* Pods-TodoAppTests.release.xcconfig */;
			buildSettings = {
				ALWAYS_EMBED_SWIFT_STANDARD_LIBRARIES = YES;
				BUNDLE_LOADER = "$(TEST_HOST)";
				CODE_SIGN_STYLE = Automatic;
				DEVELOPMENT_TEAM = AV26UC445F;
				INFOPLIST_FILE = TodoAppTests/Info.plist;
				IPHONEOS_DEPLOYMENT_TARGET = 13.4;
				LD_RUNPATH_SEARCH_PATHS = (
					"$(inherited)",
					"@executable_path/Frameworks",
					"@loader_path/Frameworks",
				);
				PRODUCT_BUNDLE_IDENTIFIER = kimwyyf.TodoAppTests;
				PRODUCT_NAME = "$(TARGET_NAME)";
				SWIFT_VERSION = 5.0;
				TARGETED_DEVICE_FAMILY = "1,2";
				TEST_HOST = "$(BUILT_PRODUCTS_DIR)/TodoApp.app/TodoApp";
			};
			name = Release;
		};
		AB5FBF9A2437FFAC008300C1 /* Debug */ = {
			isa = XCBuildConfiguration;
			baseConfigurationReference = D3DC0522FFF1A9545DDD11E6 /* Pods-TodoApp-TodoAppUITests.debug.xcconfig */;
			buildSettings = {
				ALWAYS_EMBED_SWIFT_STANDARD_LIBRARIES = YES;
				CODE_SIGN_STYLE = Automatic;
				DEVELOPMENT_TEAM = AV26UC445F;
				INFOPLIST_FILE = TodoAppUITests/Info.plist;
				LD_RUNPATH_SEARCH_PATHS = (
					"$(inherited)",
					"@executable_path/Frameworks",
					"@loader_path/Frameworks",
				);
				PRODUCT_BUNDLE_IDENTIFIER = kimwyyf.TodoAppUITests;
				PRODUCT_NAME = "$(TARGET_NAME)";
				SWIFT_VERSION = 5.0;
				TARGETED_DEVICE_FAMILY = "1,2";
				TEST_TARGET_NAME = TodoApp;
			};
			name = Debug;
		};
		AB5FBF9B2437FFAC008300C1 /* Release */ = {
			isa = XCBuildConfiguration;
			baseConfigurationReference = DC4741258EF62AE9C1D96235 /* Pods-TodoApp-TodoAppUITests.release.xcconfig */;
			buildSettings = {
				ALWAYS_EMBED_SWIFT_STANDARD_LIBRARIES = YES;
				CODE_SIGN_STYLE = Automatic;
				DEVELOPMENT_TEAM = AV26UC445F;
				INFOPLIST_FILE = TodoAppUITests/Info.plist;
				LD_RUNPATH_SEARCH_PATHS = (
					"$(inherited)",
					"@executable_path/Frameworks",
					"@loader_path/Frameworks",
				);
				PRODUCT_BUNDLE_IDENTIFIER = kimwyyf.TodoAppUITests;
				PRODUCT_NAME = "$(TARGET_NAME)";
				SWIFT_VERSION = 5.0;
				TARGETED_DEVICE_FAMILY = "1,2";
				TEST_TARGET_NAME = TodoApp;
			};
			name = Release;
		};
/* End XCBuildConfiguration section */

/* Begin XCConfigurationList section */
		AB5FBF612437FFA7008300C1 /* Build configuration list for PBXProject "TodoApp" */ = {
			isa = XCConfigurationList;
			buildConfigurations = (
				AB5FBF912437FFAC008300C1 /* Debug */,
				AB5FBF922437FFAC008300C1 /* Release */,
			);
			defaultConfigurationIsVisible = 0;
			defaultConfigurationName = Release;
		};
		AB5FBF932437FFAC008300C1 /* Build configuration list for PBXNativeTarget "TodoApp" */ = {
			isa = XCConfigurationList;
			buildConfigurations = (
				AB5FBF942437FFAC008300C1 /* Debug */,
				AB5FBF952437FFAC008300C1 /* Release */,
			);
			defaultConfigurationIsVisible = 0;
			defaultConfigurationName = Release;
		};
		AB5FBF962437FFAC008300C1 /* Build configuration list for PBXNativeTarget "TodoAppTests" */ = {
			isa = XCConfigurationList;
			buildConfigurations = (
				AB5FBF972437FFAC008300C1 /* Debug */,
				AB5FBF982437FFAC008300C1 /* Release */,
			);
			defaultConfigurationIsVisible = 0;
			defaultConfigurationName = Release;
		};
		AB5FBF992437FFAC008300C1 /* Build configuration list for PBXNativeTarget "TodoAppUITests" */ = {
			isa = XCConfigurationList;
			buildConfigurations = (
				AB5FBF9A2437FFAC008300C1 /* Debug */,
				AB5FBF9B2437FFAC008300C1 /* Release */,
			);
			defaultConfigurationIsVisible = 0;
			defaultConfigurationName = Release;
		};
/* End XCConfigurationList section */

/* Begin XCVersionGroup section */
		AB5FBF722437FFA7008300C1 /* TodoApp.xcdatamodeld */ = {
			isa = XCVersionGroup;
			children = (
				AB5FBF732437FFA7008300C1 /* TodoApp.xcdatamodel */,
			);
			currentVersion = AB5FBF732437FFA7008300C1 /* TodoApp.xcdatamodel */;
			path = TodoApp.xcdatamodeld;
			sourceTree = "<group>";
			versionGroupType = wrapper.xcdatamodel;
		};
/* End XCVersionGroup section */
	};
	rootObject = AB5FBF5E2437FFA7008300C1 /* Project object */;
}
